
Microsoft Visual Studio Solution File, Format Version 12.00
# Visual Studio Version 16
VisualStudioVersion = 16.0.30225.117
MinimumVisualStudioVersion = 10.0.40219.1
Project("{FAE04EC0-301F-11D3-BF4B-00C04F79EFBC}") = "ProyectoBlackJack21", "ProyectoBlackJack21\ProyectoBlackJack21.csproj", "{6DC17CFE-7439-49F2-8086-E355B88C6970}"
EndProject
Global
	GlobalSection(SolutionConfigurationPlatforms) = preSolution
		Debug|Any CPU = Debug|Any CPU
		Release|Any CPU = Release|Any CPU
	EndGlobalSection
	GlobalSection(ProjectConfigurationPlatforms) = postSolution
		{6DC17CFE-7439-49F2-8086-E355B88C6970}.Debug|Any CPU.ActiveCfg = Debug|Any CPU
		{6DC17CFE-7439-49F2-8086-E355B88C6970}.Debug|Any CPU.Build.0 = Debug|Any CPU
		{6DC17CFE-7439-49F2-8086-E355B88C6970}.Release|Any CPU.ActiveCfg = Release|Any CPU
		{6DC17CFE-7439-49F2-8086-E355B88C6970}.Release|Any CPU.Build.0 = Release|Any CPU
	EndGlobalSection
	GlobalSection(SolutionProperties) = preSolution
		HideSolutionNode = FALSE
	EndGlobalSection
	GlobalSection(ExtensibilityGlobals) = postSolution
		SolutionGuid = {15DD6238-7155-4C29-A09C-F3B66E04A76F}
	EndGlobalSection
EndGlobal
